
Microsoft Visual Studio Solution File, Format Version 12.00
# Visual Studio Version 17
VisualStudioVersion = 17.0.31903.59
MinimumVisualStudioVersion = 10.0.40219.1
Project("{2150E333-8FDC-42A3-9474-1A3956D46DE8}") = "src", "src", "{827E0CD3-B72D-47B6-A68D-7590B98EB39B}"
EndProject
Project("{FAE04EC0-301F-11D3-BF4B-00C04F79EFBC}") = "Alexi.Core", "src\Alexi.Core\Alexi.Core.csproj", "{FA9D8156-B7F0-4C88-8B5D-DBADA5224336}"
EndProject
Project("{FAE04EC0-301F-11D3-BF4B-00C04F79EFBC}") = "Alexi.IO", "src\Alexi.IO\Alexi.IO.csproj", "{F553FF4D-FCA7-4CFE-A03A-D99F1EFD5E5F}"
EndProject
Project("{FAE04EC0-301F-11D3-BF4B-00C04F79EFBC}") = "Alexi.Cli", "src\Alexi.Cli\Alexi.Cli.csproj", "{B40ED385-EA38-4B9B-B4B2-3BD5F7813984}"
EndProject
Project("{2150E333-8FDC-42A3-9474-1A3956D46DE8}") = "tests", "tests", "{0AB3BF05-4346-4AA6-1389-037BE0695223}"
EndProject
Project("{FAE04EC0-301F-11D3-BF4B-00C04F79EFBC}") = "Alexi.Core.Tests", "tests\Alexi.Core.Tests\Alexi.Core.Tests.csproj", "{09D69E42-6385-415E-BEC2-F0769548D956}"
EndProject
Project("{FAE04EC0-301F-11D3-BF4B-00C04F79EFBC}") = "Alexi.Golden.Tests", "tests\Alexi.Golden.Tests\Alexi.Golden.Tests.csproj", "{2354499B-B166-461B-B9A3-A3D55EF80AE0}"
EndProject
Global
	GlobalSection(SolutionConfigurationPlatforms) = preSolution
		Debug|Any CPU = Debug|Any CPU
		Debug|x64 = Debug|x64
		Debug|x86 = Debug|x86
		Release|Any CPU = Release|Any CPU
		Release|x64 = Release|x64
		Release|x86 = Release|x86
	EndGlobalSection
	GlobalSection(ProjectConfigurationPlatforms) = postSolution
		{FA9D8156-B7F0-4C88-8B5D-DBADA5224336}.Debug|Any CPU.ActiveCfg = Debug|Any CPU
		{FA9D8156-B7F0-4C88-8B5D-DBADA5224336}.Debug|Any CPU.Build.0 = Debug|Any CPU
		{FA9D8156-B7F0-4C88-8B5D-DBADA5224336}.Debug|x64.ActiveCfg = Debug|Any CPU
		{FA9D8156-B7F0-4C88-8B5D-DBADA5224336}.Debug|x64.Build.0 = Debug|Any CPU
		{FA9D8156-B7F0-4C88-8B5D-DBADA5224336}.Debug|x86.ActiveCfg = Debug|Any CPU
		{FA9D8156-B7F0-4C88-8B5D-DBADA5224336}.Debug|x86.Build.0 = Debug|Any CPU
		{FA9D8156-B7F0-4C88-8B5D-DBADA5224336}.Release|Any CPU.ActiveCfg = Release|Any CPU
		{FA9D8156-B7F0-4C88-8B5D-DBADA5224336}.Release|Any CPU.Build.0 = Release|Any CPU
		{FA9D8156-B7F0-4C88-8B5D-DBADA5224336}.Release|x64.ActiveCfg = Release|Any CPU
		{FA9D8156-B7F0-4C88-8B5D-DBADA5224336}.Release|x64.Build.0 = Release|Any CPU
		{FA9D8156-B7F0-4C88-8B5D-DBADA5224336}.Release|x86.ActiveCfg = Release|Any CPU
		{FA9D8156-B7F0-4C88-8B5D-DBADA5224336}.Release|x86.Build.0 = Release|Any CPU
		{F553FF4D-FCA7-4CFE-A03A-D99F1EFD5E5F}.Debug|Any CPU.ActiveCfg = Debug|Any CPU
		{F553FF4D-FCA7-4CFE-A03A-D99F1EFD5E5F}.Debug|Any CPU.Build.0 = Debug|Any CPU
		{F553FF4D-FCA7-4CFE-A03A-D99F1EFD5E5F}.Debug|x64.ActiveCfg = Debug|Any CPU
		{F553FF4D-FCA7-4CFE-A03A-D99F1EFD5E5F}.Debug|x64.Build.0 = Debug|Any CPU
		{F553FF4D-FCA7-4CFE-A03A-D99F1EFD5E5F}.Debug|x86.ActiveCfg = Debug|Any CPU
		{F553FF4D-FCA7-4CFE-A03A-D99F1EFD5E5F}.Debug|x86.Build.0 = Debug|Any CPU
		{F553FF4D-FCA7-4CFE-A03A-D99F1EFD5E5F}.Release|Any CPU.ActiveCfg = Release|Any CPU
		{F553FF4D-FCA7-4CFE-A03A-D99F1EFD5E5F}.Release|Any CPU.Build.0 = Release|Any CPU
		{F553FF4D-FCA7-4CFE-A03A-D99F1EFD5E5F}.Release|x64.ActiveCfg = Release|Any CPU
		{F553FF4D-FCA7-4CFE-A03A-D99F1EFD5E5F}.Release|x64.Build.0 = Release|Any CPU
		{F553FF4D-FCA7-4CFE-A03A-D99F1EFD5E5F}.Release|x86.ActiveCfg = Release|Any CPU
		{F553FF4D-FCA7-4CFE-A03A-D99F1EFD5E5F}.Release|x86.Build.0 = Release|Any CPU
		{B40ED385-EA38-4B9B-B4B2-3BD5F7813984}.Debug|Any CPU.ActiveCfg = Debug|Any CPU
		{B40ED385-EA38-4B9B-B4B2-3BD5F7813984}.Debug|Any CPU.Build.0 = Debug|Any CPU
		{B40ED385-EA38-4B9B-B4B2-3BD5F7813984}.Debug|x64.ActiveCfg = Debug|Any CPU
		{B40ED385-EA38-4B9B-B4B2-3BD5F7813984}.Debug|x64.Build.0 = Debug|Any CPU
		{B40ED385-EA38-4B9B-B4B2-3BD5F7813984}.Debug|x86.ActiveCfg = Debug|Any CPU
		{B40ED385-EA38-4B9B-B4B2-3BD5F7813984}.Debug|x86.Build.0 = Debug|Any CPU
		{B40ED385-EA38-4B9B-B4B2-3BD5F7813984}.Release|Any CPU.ActiveCfg = Release|Any CPU
		{B40ED385-EA38-4B9B-B4B2-3BD5F7813984}.Release|Any CPU.Build.0 = Release|Any CPU
		{B40ED385-EA38-4B9B-B4B2-3BD5F7813984}.Release|x64.ActiveCfg = Release|Any CPU
		{B40ED385-EA38-4B9B-B4B2-3BD5F7813984}.Release|x64.Build.0 = Release|Any CPU
		{B40ED385-EA38-4B9B-B4B2-3BD5F7813984}.Release|x86.ActiveCfg = Release|Any CPU
		{B40ED385-EA38-4B9B-B4B2-3BD5F7813984}.Release|x86.Build.0 = Release|Any CPU
		{09D69E42-6385-415E-BEC2-F0769548D956}.Debug|Any CPU.ActiveCfg = Debug|Any CPU
		{09D69E42-6385-415E-BEC2-F0769548D956}.Debug|Any CPU.Build.0 = Debug|Any CPU
		{09D69E42-6385-415E-BEC2-F0769548D956}.Debug|x64.ActiveCfg = Debug|Any CPU
		{09D69E42-6385-415E-BEC2-F0769548D956}.Debug|x64.Build.0 = Debug|Any CPU
		{09D69E42-6385-415E-BEC2-F0769548D956}.Debug|x86.ActiveCfg = Debug|Any CPU
		{09D69E42-6385-415E-BEC2-F0769548D956}.Debug|x86.Build.0 = Debug|Any CPU
		{09D69E42-6385-415E-BEC2-F0769548D956}.Release|Any CPU.ActiveCfg = Release|Any CPU
		{09D69E42-6385-415E-BEC2-F0769548D956}.Release|Any CPU.Build.0 = Release|Any CPU
		{09D69E42-6385-415E-BEC2-F0769548D956}.Release|x64.ActiveCfg = Release|Any CPU
		{09D69E42-6385-415E-BEC2-F0769548D956}.Release|x64.Build.0 = Release|Any CPU
		{09D69E42-6385-415E-BEC2-F0769548D956}.Release|x86.ActiveCfg = Release|Any CPU
		{09D69E42-6385-415E-BEC2-F0769548D956}.Release|x86.Build.0 = Release|Any CPU
		{2354499B-B166-461B-B9A3-A3D55EF80AE0}.Debug|Any CPU.ActiveCfg = Debug|Any CPU
		{2354499B-B166-461B-B9A3-A3D55EF80AE0}.Debug|Any CPU.Build.0 = Debug|Any CPU
		{2354499B-B166-461B-B9A3-A3D55EF80AE0}.Debug|x64.ActiveCfg = Debug|Any CPU
		{2354499B-B166-461B-B9A3-A3D55EF80AE0}.Debug|x64.Build.0 = Debug|Any CPU
		{2354499B-B166-461B-B9A3-A3D55EF80AE0}.Debug|x86.ActiveCfg = Debug|Any CPU
		{2354499B-B166-461B-B9A3-A3D55EF80AE0}.Debug|x86.Build.0 = Debug|Any CPU
		{2354499B-B166-461B-B9A3-A3D55EF80AE0}.Release|Any CPU.ActiveCfg = Release|Any CPU
		{2354499B-B166-461B-B9A3-A3D55EF80AE0}.Release|Any CPU.Build.0 = Release|Any CPU
		{2354499B-B166-461B-B9A3-A3D55EF80AE0}.Release|x64.ActiveCfg = Release|Any CPU
		{2354499B-B166-461B-B9A3-A3D55EF80AE0}.Release|x64.Build.0 = Release|Any CPU
		{2354499B-B166-461B-B9A3-A3D55EF80AE0}.Release|x86.ActiveCfg = Release|Any CPU
		{2354499B-B166-461B-B9A3-A3D55EF80AE0}.Release|x86.Build.0 = Release|Any CPU
	EndGlobalSection
	GlobalSection(SolutionProperties) = preSolution
		HideSolutionNode = FALSE
	EndGlobalSection
	GlobalSection(NestedProjects) = preSolution
		{FA9D8156-B7F0-4C88-8B5D-DBADA5224336} = {827E0CD3-B72D-47B6-A68D-7590B98EB39B}
		{F553FF4D-FCA7-4CFE-A03A-D99F1EFD5E5F} = {827E0CD3-B72D-47B6-A68D-7590B98EB39B}
		{B40ED385-EA38-4B9B-B4B2-3BD5F7813984} = {827E0CD3-B72D-47B6-A68D-7590B98EB39B}
		{09D69E42-6385-415E-BEC2-F0769548D956} = {0AB3BF05-4346-4AA6-1389-037BE0695223}
		{2354499B-B166-461B-B9A3-A3D55EF80AE0} = {0AB3BF05-4346-4AA6-1389-037BE0695223}
	EndGlobalSection
EndGlobal
